{
  "name": "wp-irving",
  "requires": true,
  "lockfileVersion": 1,
  "dependencies": {
    "minimist": {
      "version": "1.2.8",
      "resolved": "https://registry.npmjs.org/minimist/-/minimist-1.2.8.tgz",
      "integrity": "sha512-2yyAR8qBkN3YuheJanUpWC5U3bb5osDywNB8RzDVlDwDHbocAJveqqj1u8+SVD7jkWT4yvsHCpWqqWqAxb0zCA==",
      "dev": true
    },
    "wp-readme-to-markdown": {
      "version": "1.0.1",
      "resolved": "https://registry.npmjs.org/wp-readme-to-markdown/-/wp-readme-to-markdown-1.0.1.tgz",
      "integrity": "sha512-5ZmQzhNZIBcTLYhIovyhBXucDD+JUhL7YAqfmLzPudCLFRodSLbsWtoiYREG/Z55TN1Zn+Rko5eKH965m1L8SA==",
      "dev": true,
      "requires": {
        "minimist": "^1.2.0"
      }
    }
  }
}
